
Microsoft Visual Studio Solution File, Format Version 12.00
# Visual Studio Version 16
VisualStudioVersion = 16.0.31321.278
MinimumVisualStudioVersion = 10.0.40219.1
Project("{FAE04EC0-301F-11D3-BF4B-00C04F79EFBC}") = "KayMain", "KayMain\KayMain.csproj", "{25CBB279-7D66-4D7B-91E2-2567F596A464}"
EndProject
Project("{FAE04EC0-301F-11D3-BF4B-00C04F79EFBC}") = "KaySub002", "KaySub002\KaySub002.csproj", "{92629940-3A58-4490-8E0D-406717000A9F}"
EndProject
Project("{FAE04EC0-301F-11D3-BF4B-00C04F79EFBC}") = "KaySub001", "KaySub001\KaySub001.csproj", "{BC0463A1-F5BE-4DC9-AFFB-5CF6A2F368BB}"
EndProject
Project("{FAE04EC0-301F-11D3-BF4B-00C04F79EFBC}") = "KaySub003", "KaySub003\KaySub003.csproj", "{7147F2E7-F336-4683-AF1B-4F0D5CDB3078}"
EndProject
Project("{FAE04EC0-301F-11D3-BF4B-00C04F79EFBC}") = "KaySub004", "KaySub004\KaySub004.csproj", "{10A5B55E-0FD3-4AA3-A769-B7525FB74A20}"
EndProject
Project("{FAE04EC0-301F-11D3-BF4B-00C04F79EFBC}") = "KaySub005", "KaySub005\KaySub005.csproj", "{AE195939-CBE1-4065-8070-01E001CA32A2}"
EndProject
Project("{FAE04EC0-301F-11D3-BF4B-00C04F79EFBC}") = "KaySub006", "KaySub006\KaySub006.csproj", "{26E8473D-E444-4736-B0BD-4CC0BD192C41}"
EndProject
Project("{FAE04EC0-301F-11D3-BF4B-00C04F79EFBC}") = "KaySub007", "KaySub007\KaySub007.csproj", "{2D63ED58-AFE6-47E3-9AA5-9041FB791BE3}"
EndProject
Project("{FAE04EC0-301F-11D3-BF4B-00C04F79EFBC}") = "KaySub008", "KaySub008\KaySub008.csproj", "{545E4BF8-7B12-4B30-944D-04C42E52B296}"
EndProject
Project("{FAE04EC0-301F-11D3-BF4B-00C04F79EFBC}") = "KaySub009", "KaySub009\KaySub009.csproj", "{C18939C6-C67E-46BF-BF67-FADA457F735C}"
EndProject
Project("{FAE04EC0-301F-11D3-BF4B-00C04F79EFBC}") = "KaySub010", "KaySub010\KaySub010.csproj", "{84BB5267-42DB-453D-B843-C4B0D91FFFA9}"
EndProject
Project("{FAE04EC0-301F-11D3-BF4B-00C04F79EFBC}") = "KaySub011", "KaySub011\KaySub011.csproj", "{270DEFDC-1795-4740-A01D-BAFDE11AF442}"
EndProject
Project("{FAE04EC0-301F-11D3-BF4B-00C04F79EFBC}") = "KaySub012", "KaySub012\KaySub012.csproj", "{08340FF6-F9F8-4767-9D7A-92FC96753C9A}"
EndProject
Project("{FAE04EC0-301F-11D3-BF4B-00C04F79EFBC}") = "KaySub013", "KaySub013\KaySub013.csproj", "{B8766D4C-CD63-4AA5-96E2-1B16830EB996}"
EndProject
Project("{FAE04EC0-301F-11D3-BF4B-00C04F79EFBC}") = "KaySub014", "KaySub014\KaySub014.csproj", "{44C36655-CF87-4038-B14F-17C507672209}"
EndProject
Project("{FAE04EC0-301F-11D3-BF4B-00C04F79EFBC}") = "KaySub015", "KaySub015\KaySub015.csproj", "{6D009509-5D2B-4F76-8263-4A756F3752D7}"
EndProject
Project("{FAE04EC0-301F-11D3-BF4B-00C04F79EFBC}") = "KaySub023", "KaySub023\KaySub023.csproj", "{14105960-A79E-42F9-80D8-2635C7464A87}"
EndProject
Project("{FAE04EC0-301F-11D3-BF4B-00C04F79EFBC}") = "KayLibrary", "KayLibrary\KayLibrary.csproj", "{6EC4B20C-5912-4DED-8F6F-E8C33FBC2C92}"
EndProject
Project("{FAE04EC0-301F-11D3-BF4B-00C04F79EFBC}") = "KaySub024", "KaySub024\KaySub024.csproj", "{45B9C71E-B5DB-4462-8F88-7DB85B4BE815}"
EndProject
Project("{FAE04EC0-301F-11D3-BF4B-00C04F79EFBC}") = "KaySub025", "KaySub025\KaySub025.csproj", "{7CEEEFCE-2C46-4327-AAA8-7A22F0A470FD}"
EndProject
Project("{FAE04EC0-301F-11D3-BF4B-00C04F79EFBC}") = "KaySub026", "KaySub026\KaySub026.csproj", "{3B8E794D-D962-415B-9BC5-71E37B8ADE3A}"
EndProject
Project("{FAE04EC0-301F-11D3-BF4B-00C04F79EFBC}") = "KaySub027", "KaySub027\KaySub027.csproj", "{A2542156-63B1-4B44-A152-9989273A06E9}"
EndProject
Project("{FAE04EC0-301F-11D3-BF4B-00C04F79EFBC}") = "KaySub028", "KaySub028\KaySub028.csproj", "{FEB1D2E4-0575-4C15-971F-CC238B6E4171}"
EndProject
Project("{FAE04EC0-301F-11D3-BF4B-00C04F79EFBC}") = "KaySub029", "KaySub029\KaySub029.csproj", "{9749AED5-3FDA-4A16-9595-1453F1681601}"
EndProject
Project("{FAE04EC0-301F-11D3-BF4B-00C04F79EFBC}") = "KaySub030", "KaySub030\KaySub030.csproj", "{4440FC0A-D169-45EE-87A4-72BA1D4B5015}"
EndProject
Project("{FAE04EC0-301F-11D3-BF4B-00C04F79EFBC}") = "KaySub022", "KaySub022\KaySub022.csproj", "{161415BE-BA6F-4B2F-977A-153697FAFA4C}"
EndProject
Global
	GlobalSection(SolutionConfigurationPlatforms) = preSolution
		Debug|Any CPU = Debug|Any CPU
		Release|Any CPU = Release|Any CPU
	EndGlobalSection
	GlobalSection(ProjectConfigurationPlatforms) = postSolution
		{25CBB279-7D66-4D7B-91E2-2567F596A464}.Debug|Any CPU.ActiveCfg = Debug|Any CPU
		{25CBB279-7D66-4D7B-91E2-2567F596A464}.Debug|Any CPU.Build.0 = Debug|Any CPU
		{25CBB279-7D66-4D7B-91E2-2567F596A464}.Release|Any CPU.ActiveCfg = Release|Any CPU
		{25CBB279-7D66-4D7B-91E2-2567F596A464}.Release|Any CPU.Build.0 = Release|Any CPU
		{92629940-3A58-4490-8E0D-406717000A9F}.Debug|Any CPU.ActiveCfg = Debug|Any CPU
		{92629940-3A58-4490-8E0D-406717000A9F}.Debug|Any CPU.Build.0 = Debug|Any CPU
		{92629940-3A58-4490-8E0D-406717000A9F}.Release|Any CPU.ActiveCfg = Release|Any CPU
		{92629940-3A58-4490-8E0D-406717000A9F}.Release|Any CPU.Build.0 = Release|Any CPU
		{BC0463A1-F5BE-4DC9-AFFB-5CF6A2F368BB}.Debug|Any CPU.ActiveCfg = Debug|Any CPU
		{BC0463A1-F5BE-4DC9-AFFB-5CF6A2F368BB}.Debug|Any CPU.Build.0 = Debug|Any CPU
		{BC0463A1-F5BE-4DC9-AFFB-5CF6A2F368BB}.Release|Any CPU.ActiveCfg = Release|Any CPU
		{BC0463A1-F5BE-4DC9-AFFB-5CF6A2F368BB}.Release|Any CPU.Build.0 = Release|Any CPU
		{7147F2E7-F336-4683-AF1B-4F0D5CDB3078}.Debug|Any CPU.ActiveCfg = Debug|Any CPU
		{7147F2E7-F336-4683-AF1B-4F0D5CDB3078}.Debug|Any CPU.Build.0 = Debug|Any CPU
		{7147F2E7-F336-4683-AF1B-4F0D5CDB3078}.Release|Any CPU.ActiveCfg = Release|Any CPU
		{7147F2E7-F336-4683-AF1B-4F0D5CDB3078}.Release|Any CPU.Build.0 = Release|Any CPU
		{10A5B55E-0FD3-4AA3-A769-B7525FB74A20}.Debug|Any CPU.ActiveCfg = Debug|Any CPU
		{10A5B55E-0FD3-4AA3-A769-B7525FB74A20}.Debug|Any CPU.Build.0 = Debug|Any CPU
		{10A5B55E-0FD3-4AA3-A769-B7525FB74A20}.Release|Any CPU.ActiveCfg = Release|Any CPU
		{10A5B55E-0FD3-4AA3-A769-B7525FB74A20}.Release|Any CPU.Build.0 = Release|Any CPU
		{AE195939-CBE1-4065-8070-01E001CA32A2}.Debug|Any CPU.ActiveCfg = Debug|Any CPU
		{AE195939-CBE1-4065-8070-01E001CA32A2}.Debug|Any CPU.Build.0 = Debug|Any CPU
		{AE195939-CBE1-4065-8070-01E001CA32A2}.Release|Any CPU.ActiveCfg = Release|Any CPU
		{AE195939-CBE1-4065-8070-01E001CA32A2}.Release|Any CPU.Build.0 = Release|Any CPU
		{26E8473D-E444-4736-B0BD-4CC0BD192C41}.Debug|Any CPU.ActiveCfg = Debug|Any CPU
		{26E8473D-E444-4736-B0BD-4CC0BD192C41}.Debug|Any CPU.Build.0 = Debug|Any CPU
		{26E8473D-E444-4736-B0BD-4CC0BD192C41}.Release|Any CPU.ActiveCfg = Release|Any CPU
		{26E8473D-E444-4736-B0BD-4CC0BD192C41}.Release|Any CPU.Build.0 = Release|Any CPU
		{2D63ED58-AFE6-47E3-9AA5-9041FB791BE3}.Debug|Any CPU.ActiveCfg = Debug|Any CPU
		{2D63ED58-AFE6-47E3-9AA5-9041FB791BE3}.Debug|Any CPU.Build.0 = Debug|Any CPU
		{2D63ED58-AFE6-47E3-9AA5-9041FB791BE3}.Release|Any CPU.ActiveCfg = Release|Any CPU
		{2D63ED58-AFE6-47E3-9AA5-9041FB791BE3}.Release|Any CPU.Build.0 = Release|Any CPU
		{545E4BF8-7B12-4B30-944D-04C42E52B296}.Debug|Any CPU.ActiveCfg = Debug|Any CPU
		{545E4BF8-7B12-4B30-944D-04C42E52B296}.Debug|Any CPU.Build.0 = Debug|Any CPU
		{545E4BF8-7B12-4B30-944D-04C42E52B296}.Release|Any CPU.ActiveCfg = Release|Any CPU
		{545E4BF8-7B12-4B30-944D-04C42E52B296}.Release|Any CPU.Build.0 = Release|Any CPU
		{C18939C6-C67E-46BF-BF67-FADA457F735C}.Debug|Any CPU.ActiveCfg = Debug|Any CPU
		{C18939C6-C67E-46BF-BF67-FADA457F735C}.Debug|Any CPU.Build.0 = Debug|Any CPU
		{C18939C6-C67E-46BF-BF67-FADA457F735C}.Release|Any CPU.ActiveCfg = Release|Any CPU
		{C18939C6-C67E-46BF-BF67-FADA457F735C}.Release|Any CPU.Build.0 = Release|Any CPU
		{84BB5267-42DB-453D-B843-C4B0D91FFFA9}.Debug|Any CPU.ActiveCfg = Debug|Any CPU
		{84BB5267-42DB-453D-B843-C4B0D91FFFA9}.Debug|Any CPU.Build.0 = Debug|Any CPU
		{84BB5267-42DB-453D-B843-C4B0D91FFFA9}.Release|Any CPU.ActiveCfg = Release|Any CPU
		{84BB5267-42DB-453D-B843-C4B0D91FFFA9}.Release|Any CPU.Build.0 = Release|Any CPU
		{270DEFDC-1795-4740-A01D-BAFDE11AF442}.Debug|Any CPU.ActiveCfg = Debug|Any CPU
		{270DEFDC-1795-4740-A01D-BAFDE11AF442}.Debug|Any CPU.Build.0 = Debug|Any CPU
		{270DEFDC-1795-4740-A01D-BAFDE11AF442}.Release|Any CPU.ActiveCfg = Release|Any CPU
		{270DEFDC-1795-4740-A01D-BAFDE11AF442}.Release|Any CPU.Build.0 = Release|Any CPU
		{08340FF6-F9F8-4767-9D7A-92FC96753C9A}.Debug|Any CPU.ActiveCfg = Debug|Any CPU
		{08340FF6-F9F8-4767-9D7A-92FC96753C9A}.Debug|Any CPU.Build.0 = Debug|Any CPU
		{08340FF6-F9F8-4767-9D7A-92FC96753C9A}.Release|Any CPU.ActiveCfg = Release|Any CPU
		{08340FF6-F9F8-4767-9D7A-92FC96753C9A}.Release|Any CPU.Build.0 = Release|Any CPU
		{B8766D4C-CD63-4AA5-96E2-1B16830EB996}.Debug|Any CPU.ActiveCfg = Debug|Any CPU
		{B8766D4C-CD63-4AA5-96E2-1B16830EB996}.Debug|Any CPU.Build.0 = Debug|Any CPU
		{B8766D4C-CD63-4AA5-96E2-1B16830EB996}.Release|Any CPU.ActiveCfg = Release|Any CPU
		{B8766D4C-CD63-4AA5-96E2-1B16830EB996}.Release|Any CPU.Build.0 = Release|Any CPU
		{44C36655-CF87-4038-B14F-17C507672209}.Debug|Any CPU.ActiveCfg = Debug|Any CPU
		{44C36655-CF87-4038-B14F-17C507672209}.Debug|Any CPU.Build.0 = Debug|Any CPU
		{44C36655-CF87-4038-B14F-17C507672209}.Release|Any CPU.ActiveCfg = Release|Any CPU
		{44C36655-CF87-4038-B14F-17C507672209}.Release|Any CPU.Build.0 = Release|Any CPU
		{6D009509-5D2B-4F76-8263-4A756F3752D7}.Debug|Any CPU.ActiveCfg = Debug|Any CPU
		{6D009509-5D2B-4F76-8263-4A756F3752D7}.Debug|Any CPU.Build.0 = Debug|Any CPU
		{6D009509-5D2B-4F76-8263-4A756F3752D7}.Release|Any CPU.ActiveCfg = Release|Any CPU
		{6D009509-5D2B-4F76-8263-4A756F3752D7}.Release|Any CPU.Build.0 = Release|Any CPU
		{14105960-A79E-42F9-80D8-2635C7464A87}.Debug|Any CPU.ActiveCfg = Debug|Any CPU
		{14105960-A79E-42F9-80D8-2635C7464A87}.Debug|Any CPU.Build.0 = Debug|Any CPU
		{14105960-A79E-42F9-80D8-2635C7464A87}.Release|Any CPU.ActiveCfg = Release|Any CPU
		{14105960-A79E-42F9-80D8-2635C7464A87}.Release|Any CPU.Build.0 = Release|Any CPU
		{6EC4B20C-5912-4DED-8F6F-E8C33FBC2C92}.Debug|Any CPU.ActiveCfg = Debug|Any CPU
		{6EC4B20C-5912-4DED-8F6F-E8C33FBC2C92}.Debug|Any CPU.Build.0 = Debug|Any CPU
		{6EC4B20C-5912-4DED-8F6F-E8C33FBC2C92}.Release|Any CPU.ActiveCfg = Release|Any CPU
		{6EC4B20C-5912-4DED-8F6F-E8C33FBC2C92}.Release|Any CPU.Build.0 = Release|Any CPU
		{45B9C71E-B5DB-4462-8F88-7DB85B4BE815}.Debug|Any CPU.ActiveCfg = Debug|Any CPU
		{45B9C71E-B5DB-4462-8F88-7DB85B4BE815}.Debug|Any CPU.Build.0 = Debug|Any CPU
		{45B9C71E-B5DB-4462-8F88-7DB85B4BE815}.Release|Any CPU.ActiveCfg = Release|Any CPU
		{45B9C71E-B5DB-4462-8F88-7DB85B4BE815}.Release|Any CPU.Build.0 = Release|Any CPU
		{7CEEEFCE-2C46-4327-AAA8-7A22F0A470FD}.Debug|Any CPU.ActiveCfg = Debug|Any CPU
		{7CEEEFCE-2C46-4327-AAA8-7A22F0A470FD}.Debug|Any CPU.Build.0 = Debug|Any CPU
		{7CEEEFCE-2C46-4327-AAA8-7A22F0A470FD}.Release|Any CPU.ActiveCfg = Release|Any CPU
		{7CEEEFCE-2C46-4327-AAA8-7A22F0A470FD}.Release|Any CPU.Build.0 = Release|Any CPU
		{3B8E794D-D962-415B-9BC5-71E37B8ADE3A}.Debug|Any CPU.ActiveCfg = Debug|Any CPU
		{3B8E794D-D962-415B-9BC5-71E37B8ADE3A}.Debug|Any CPU.Build.0 = Debug|Any CPU
		{3B8E794D-D962-415B-9BC5-71E37B8ADE3A}.Release|Any CPU.ActiveCfg = Release|Any CPU
		{3B8E794D-D962-415B-9BC5-71E37B8ADE3A}.Release|Any CPU.Build.0 = Release|Any CPU
		{A2542156-63B1-4B44-A152-9989273A06E9}.Debug|Any CPU.ActiveCfg = Debug|Any CPU
		{A2542156-63B1-4B44-A152-9989273A06E9}.Debug|Any CPU.Build.0 = Debug|Any CPU
		{A2542156-63B1-4B44-A152-9989273A06E9}.Release|Any CPU.ActiveCfg = Release|Any CPU
		{A2542156-63B1-4B44-A152-9989273A06E9}.Release|Any CPU.Build.0 = Release|Any CPU
		{FEB1D2E4-0575-4C15-971F-CC238B6E4171}.Debug|Any CPU.ActiveCfg = Debug|Any CPU
		{FEB1D2E4-0575-4C15-971F-CC238B6E4171}.Debug|Any CPU.Build.0 = Debug|Any CPU
		{FEB1D2E4-0575-4C15-971F-CC238B6E4171}.Release|Any CPU.ActiveCfg = Release|Any CPU
		{FEB1D2E4-0575-4C15-971F-CC238B6E4171}.Release|Any CPU.Build.0 = Release|Any CPU
		{9749AED5-3FDA-4A16-9595-1453F1681601}.Debug|Any CPU.ActiveCfg = Debug|Any CPU
		{9749AED5-3FDA-4A16-9595-1453F1681601}.Debug|Any CPU.Build.0 = Debug|Any CPU
		{9749AED5-3FDA-4A16-9595-1453F1681601}.Release|Any CPU.ActiveCfg = Release|Any CPU
		{9749AED5-3FDA-4A16-9595-1453F1681601}.Release|Any CPU.Build.0 = Release|Any CPU
		{4440FC0A-D169-45EE-87A4-72BA1D4B5015}.Debug|Any CPU.ActiveCfg = Debug|Any CPU
		{4440FC0A-D169-45EE-87A4-72BA1D4B5015}.Debug|Any CPU.Build.0 = Debug|Any CPU
		{4440FC0A-D169-45EE-87A4-72BA1D4B5015}.Release|Any CPU.ActiveCfg = Release|Any CPU
		{4440FC0A-D169-45EE-87A4-72BA1D4B5015}.Release|Any CPU.Build.0 = Release|Any CPU
		{161415BE-BA6F-4B2F-977A-153697FAFA4C}.Debug|Any CPU.ActiveCfg = Debug|Any CPU
		{161415BE-BA6F-4B2F-977A-153697FAFA4C}.Debug|Any CPU.Build.0 = Debug|Any CPU
		{161415BE-BA6F-4B2F-977A-153697FAFA4C}.Release|Any CPU.ActiveCfg = Release|Any CPU
		{161415BE-BA6F-4B2F-977A-153697FAFA4C}.Release|Any CPU.Build.0 = Release|Any CPU
	EndGlobalSection
	GlobalSection(SolutionProperties) = preSolution
		HideSolutionNode = FALSE
	EndGlobalSection
	GlobalSection(ExtensibilityGlobals) = postSolution
		SolutionGuid = {C542D599-EE63-4D06-9912-39456513E173}
	EndGlobalSection
EndGlobal
